
Microsoft Visual Studio Solution File, Format Version 12.00
# Visual Studio Version 17
VisualStudioVersion = 17.1.32414.318
MinimumVisualStudioVersion = 10.0.40219.1
Project("{FAE04EC0-301F-11D3-BF4B-00C04F79EFBC}") = "EventInClassExample", "EventInClassExample(Delegates)\EventInClassExample.csproj", "{C43DAD94-0070-4147-B093-E4A25F209659}"
EndProject
Project("{FAE04EC0-301F-11D3-BF4B-00C04F79EFBC}") = "ValueType-ReferanceType-Diffrence", "ValueType-ReferanceType-Diffrence\ValueType-ReferanceType-Diffrence.csproj", "{4D48CFA6-EC8A-4DE9-B8C6-FBC844A5C487}"
EndProject
Project("{FAE04EC0-301F-11D3-BF4B-00C04F79EFBC}") = "OverrideVirtualMethod", "OverrideVirtualMethod\OverrideVirtualMethod.csproj", "{C381D71D-AC23-486D-8346-059A260C1487}"
EndProject
Project("{FAE04EC0-301F-11D3-BF4B-00C04F79EFBC}") = "OperatorOverloadExample", "OperatorOverloadExample\OperatorOverloadExample.csproj", "{BBBE1577-4D0D-4FF0-B8A7-0B837631967D}"
EndProject
Project("{FAE04EC0-301F-11D3-BF4B-00C04F79EFBC}") = "OOPConcepts", "OOPConcepts\OOPConcepts.csproj", "{6419E5E9-2AA0-4917-B573-C262925537BD}"
EndProject
Global
	GlobalSection(SolutionConfigurationPlatforms) = preSolution
		Debug|Any CPU = Debug|Any CPU
		Release|Any CPU = Release|Any CPU
	EndGlobalSection
	GlobalSection(ProjectConfigurationPlatforms) = postSolution
		{C43DAD94-0070-4147-B093-E4A25F209659}.Debug|Any CPU.ActiveCfg = Debug|Any CPU
		{C43DAD94-0070-4147-B093-E4A25F209659}.Debug|Any CPU.Build.0 = Debug|Any CPU
		{C43DAD94-0070-4147-B093-E4A25F209659}.Release|Any CPU.ActiveCfg = Release|Any CPU
		{C43DAD94-0070-4147-B093-E4A25F209659}.Release|Any CPU.Build.0 = Release|Any CPU
		{4D48CFA6-EC8A-4DE9-B8C6-FBC844A5C487}.Debug|Any CPU.ActiveCfg = Debug|Any CPU
		{4D48CFA6-EC8A-4DE9-B8C6-FBC844A5C487}.Debug|Any CPU.Build.0 = Debug|Any CPU
		{4D48CFA6-EC8A-4DE9-B8C6-FBC844A5C487}.Release|Any CPU.ActiveCfg = Release|Any CPU
		{4D48CFA6-EC8A-4DE9-B8C6-FBC844A5C487}.Release|Any CPU.Build.0 = Release|Any CPU
		{C381D71D-AC23-486D-8346-059A260C1487}.Debug|Any CPU.ActiveCfg = Debug|Any CPU
		{C381D71D-AC23-486D-8346-059A260C1487}.Debug|Any CPU.Build.0 = Debug|Any CPU
		{C381D71D-AC23-486D-8346-059A260C1487}.Release|Any CPU.ActiveCfg = Release|Any CPU
		{C381D71D-AC23-486D-8346-059A260C1487}.Release|Any CPU.Build.0 = Release|Any CPU
		{BBBE1577-4D0D-4FF0-B8A7-0B837631967D}.Debug|Any CPU.ActiveCfg = Debug|Any CPU
		{BBBE1577-4D0D-4FF0-B8A7-0B837631967D}.Debug|Any CPU.Build.0 = Debug|Any CPU
		{BBBE1577-4D0D-4FF0-B8A7-0B837631967D}.Release|Any CPU.ActiveCfg = Release|Any CPU
		{BBBE1577-4D0D-4FF0-B8A7-0B837631967D}.Release|Any CPU.Build.0 = Release|Any CPU
		{6419E5E9-2AA0-4917-B573-C262925537BD}.Debug|Any CPU.ActiveCfg = Debug|Any CPU
		{6419E5E9-2AA0-4917-B573-C262925537BD}.Debug|Any CPU.Build.0 = Debug|Any CPU
		{6419E5E9-2AA0-4917-B573-C262925537BD}.Release|Any CPU.ActiveCfg = Release|Any CPU
		{6419E5E9-2AA0-4917-B573-C262925537BD}.Release|Any CPU.Build.0 = Release|Any CPU
	EndGlobalSection
	GlobalSection(SolutionProperties) = preSolution
		HideSolutionNode = FALSE
	EndGlobalSection
	GlobalSection(ExtensibilityGlobals) = postSolution
		SolutionGuid = {3DC3445C-F378-4557-AB77-000A928FA750}
	EndGlobalSection
EndGlobal
